
Microsoft Visual Studio Solution File, Format Version 12.00
# Visual Studio 15
VisualStudioVersion = 15.0.27004.2009
MinimumVisualStudioVersion = 10.0.40219.1
Project("{FAE04EC0-301F-11D3-BF4B-00C04F79EFBC}") = "MrAnaga", "MrAnaga\MrAnaga.csproj", "{E5A3F2D1-5A7F-4122-9AF6-CD72D69F2DC6}"
EndProject
Project("{FAE04EC0-301F-11D3-BF4B-00C04F79EFBC}") = "MrAnagaTimer", "MrAnagaTimer\MrAnagaTimer.csproj", "{4849D816-91C5-48FB-BC69-F20D0AD72371}"
EndProject
Global
	GlobalSection(SolutionConfigurationPlatforms) = preSolution
		Debug|Any CPU = Debug|Any CPU
		Release|Any CPU = Release|Any CPU
	EndGlobalSection
	GlobalSection(ProjectConfigurationPlatforms) = postSolution
		{E5A3F2D1-5A7F-4122-9AF6-CD72D69F2DC6}.Debug|Any CPU.ActiveCfg = Debug|Any CPU
		{E5A3F2D1-5A7F-4122-9AF6-CD72D69F2DC6}.Debug|Any CPU.Build.0 = Debug|Any CPU
		{E5A3F2D1-5A7F-4122-9AF6-CD72D69F2DC6}.Release|Any CPU.ActiveCfg = Release|Any CPU
		{E5A3F2D1-5A7F-4122-9AF6-CD72D69F2DC6}.Release|Any CPU.Build.0 = Release|Any CPU
		{4849D816-91C5-48FB-BC69-F20D0AD72371}.Debug|Any CPU.ActiveCfg = Debug|Any CPU
		{4849D816-91C5-48FB-BC69-F20D0AD72371}.Debug|Any CPU.Build.0 = Debug|Any CPU
		{4849D816-91C5-48FB-BC69-F20D0AD72371}.Release|Any CPU.ActiveCfg = Release|Any CPU
		{4849D816-91C5-48FB-BC69-F20D0AD72371}.Release|Any CPU.Build.0 = Release|Any CPU
	EndGlobalSection
	GlobalSection(SolutionProperties) = preSolution
		HideSolutionNode = FALSE
	EndGlobalSection
	GlobalSection(ExtensibilityGlobals) = postSolution
		SolutionGuid = {BF553ABB-1E78-4C6E-A4B9-2146AB481C00}
	EndGlobalSection
EndGlobal
